
Microsoft Visual Studio Solution File, Format Version 12.00
# Visual Studio 15
VisualStudioVersion = 15.0.28010.2041
MinimumVisualStudioVersion = 10.0.40219.1
Project("{9A19103F-16F7-4668-BE54-9A1E7A4F7556}") = "MvcPagerCore", "MvcPagerCore\MvcPagerCore.csproj", "{F8D32EA9-2A11-408C-B6E4-EAC852FA26E3}"
EndProject
Project("{9A19103F-16F7-4668-BE54-9A1E7A4F7556}") = "DemoForAspCore", "DemoForAspCore\DemoForAspCore.csproj", "{BFB43901-7B55-4883-A32D-1B8C2892550C}"
EndProject
Global
	GlobalSection(SolutionConfigurationPlatforms) = preSolution
		Debug|Any CPU = Debug|Any CPU
		Release|Any CPU = Release|Any CPU
	EndGlobalSection
	GlobalSection(ProjectConfigurationPlatforms) = postSolution
		{F8D32EA9-2A11-408C-B6E4-EAC852FA26E3}.Debug|Any CPU.ActiveCfg = Debug|Any CPU
		{F8D32EA9-2A11-408C-B6E4-EAC852FA26E3}.Debug|Any CPU.Build.0 = Debug|Any CPU
		{F8D32EA9-2A11-408C-B6E4-EAC852FA26E3}.Release|Any CPU.ActiveCfg = Release|Any CPU
		{F8D32EA9-2A11-408C-B6E4-EAC852FA26E3}.Release|Any CPU.Build.0 = Release|Any CPU
		{BFB43901-7B55-4883-A32D-1B8C2892550C}.Debug|Any CPU.ActiveCfg = Debug|Any CPU
		{BFB43901-7B55-4883-A32D-1B8C2892550C}.Debug|Any CPU.Build.0 = Debug|Any CPU
		{BFB43901-7B55-4883-A32D-1B8C2892550C}.Release|Any CPU.ActiveCfg = Release|Any CPU
		{BFB43901-7B55-4883-A32D-1B8C2892550C}.Release|Any CPU.Build.0 = Release|Any CPU
	EndGlobalSection
	GlobalSection(SolutionProperties) = preSolution
		HideSolutionNode = FALSE
	EndGlobalSection
	GlobalSection(ExtensibilityGlobals) = postSolution
		SolutionGuid = {55C7563A-50B4-456E-83CA-E1ABC18EE91C}
	EndGlobalSection
EndGlobal
